
Microsoft Visual Studio Solution File, Format Version 10.00
# Visual Studio 2008
Project("{8BC9CEB8-8B4A-11D0-8D11-00A0C91BC942}") = "shindig", "shindig\shindig.vcproj", "{7603BE97-3581-4574-8114-90AA6113FDE4}"
	ProjectSection(ProjectDependencies) = postProject
		{BE262A86-CC26-4B25-A877-883ED2688CEC} = {BE262A86-CC26-4B25-A877-883ED2688CEC}
		{5E05CA90-5A2B-46A0-91B1-4E91ADF2F549} = {5E05CA90-5A2B-46A0-91B1-4E91ADF2F549}
		{B0C69191-64BF-4FA6-81C4-1BDF6DDE7CE3} = {B0C69191-64BF-4FA6-81C4-1BDF6DDE7CE3}
		{DF460EAB-570D-4B50-9089-2E2FC801BF38} = {DF460EAB-570D-4B50-9089-2E2FC801BF38}
		{1D3401ED-8DD2-409B-8280-3EFD3067E98B} = {1D3401ED-8DD2-409B-8280-3EFD3067E98B}
	EndProjectSection
EndProject
Project("{8BC9CEB8-8B4A-11D0-8D11-00A0C91BC942}") = "celsus", "..\celsus\celsus.vcproj", "{B0C69191-64BF-4FA6-81C4-1BDF6DDE7CE3}"
EndProject
Project("{2150E333-8FDC-42A3-9474-1A3956D46DE8}") = "libs", "libs", "{B32BE15C-41CD-4C3C-A6AA-75B58244D3ED}"
EndProject
Project("{8BC9CEB8-8B4A-11D0-8D11-00A0C91BC942}") = "bzip2", "..\libs\bzip2-1.0.5\bzip2\bzip2.vcproj", "{1D3401ED-8DD2-409B-8280-3EFD3067E98B}"
EndProject
Project("{8BC9CEB8-8B4A-11D0-8D11-00A0C91BC942}") = "zlib", "..\libs\zlib-1.2.3\zlib\zlib.vcproj", "{5E05CA90-5A2B-46A0-91B1-4E91ADF2F549}"
EndProject
Project("{8BC9CEB8-8B4A-11D0-8D11-00A0C91BC942}") = "json_spirit", "..\libs\json_spirit\json_spirit.vcproj", "{BE262A86-CC26-4B25-A877-883ED2688CEC}"
EndProject
Project("{8BC9CEB8-8B4A-11D0-8D11-00A0C91BC942}") = "Effects11_2008", "..\..\Program Files (x86)\Microsoft DirectX SDK (February 2010)\Samples\C++\Effects11\Effects11_2008.vcproj", "{DF460EAB-570D-4B50-9089-2E2FC801BF38}"
EndProject
Global
	GlobalSection(SolutionConfigurationPlatforms) = preSolution
		Debug|Win32 = Debug|Win32
		Release|Win32 = Release|Win32
	EndGlobalSection
	GlobalSection(ProjectConfigurationPlatforms) = postSolution
		{7603BE97-3581-4574-8114-90AA6113FDE4}.Debug|Win32.ActiveCfg = Debug|Win32
		{7603BE97-3581-4574-8114-90AA6113FDE4}.Debug|Win32.Build.0 = Debug|Win32
		{7603BE97-3581-4574-8114-90AA6113FDE4}.Release|Win32.ActiveCfg = Release|Win32
		{7603BE97-3581-4574-8114-90AA6113FDE4}.Release|Win32.Build.0 = Release|Win32
		{B0C69191-64BF-4FA6-81C4-1BDF6DDE7CE3}.Debug|Win32.ActiveCfg = Debug|Win32
		{B0C69191-64BF-4FA6-81C4-1BDF6DDE7CE3}.Debug|Win32.Build.0 = Debug|Win32
		{B0C69191-64BF-4FA6-81C4-1BDF6DDE7CE3}.Release|Win32.ActiveCfg = Release|Win32
		{B0C69191-64BF-4FA6-81C4-1BDF6DDE7CE3}.Release|Win32.Build.0 = Release|Win32
		{1D3401ED-8DD2-409B-8280-3EFD3067E98B}.Debug|Win32.ActiveCfg = Debug|Win32
		{1D3401ED-8DD2-409B-8280-3EFD3067E98B}.Debug|Win32.Build.0 = Debug|Win32
		{1D3401ED-8DD2-409B-8280-3EFD3067E98B}.Release|Win32.ActiveCfg = Release|Win32
		{1D3401ED-8DD2-409B-8280-3EFD3067E98B}.Release|Win32.Build.0 = Release|Win32
		{5E05CA90-5A2B-46A0-91B1-4E91ADF2F549}.Debug|Win32.ActiveCfg = Debug|Win32
		{5E05CA90-5A2B-46A0-91B1-4E91ADF2F549}.Debug|Win32.Build.0 = Debug|Win32
		{5E05CA90-5A2B-46A0-91B1-4E91ADF2F549}.Release|Win32.ActiveCfg = Release|Win32
		{5E05CA90-5A2B-46A0-91B1-4E91ADF2F549}.Release|Win32.Build.0 = Release|Win32
		{BE262A86-CC26-4B25-A877-883ED2688CEC}.Debug|Win32.ActiveCfg = Debug|Win32
		{BE262A86-CC26-4B25-A877-883ED2688CEC}.Debug|Win32.Build.0 = Debug|Win32
		{BE262A86-CC26-4B25-A877-883ED2688CEC}.Release|Win32.ActiveCfg = Release|Win32
		{BE262A86-CC26-4B25-A877-883ED2688CEC}.Release|Win32.Build.0 = Release|Win32
		{DF460EAB-570D-4B50-9089-2E2FC801BF38}.Debug|Win32.ActiveCfg = Debug|Win32
		{DF460EAB-570D-4B50-9089-2E2FC801BF38}.Debug|Win32.Build.0 = Debug|Win32
		{DF460EAB-570D-4B50-9089-2E2FC801BF38}.Release|Win32.ActiveCfg = Release|Win32
		{DF460EAB-570D-4B50-9089-2E2FC801BF38}.Release|Win32.Build.0 = Release|Win32
	EndGlobalSection
	GlobalSection(SolutionProperties) = preSolution
		HideSolutionNode = FALSE
	EndGlobalSection
	GlobalSection(NestedProjects) = preSolution
		{1D3401ED-8DD2-409B-8280-3EFD3067E98B} = {B32BE15C-41CD-4C3C-A6AA-75B58244D3ED}
		{5E05CA90-5A2B-46A0-91B1-4E91ADF2F549} = {B32BE15C-41CD-4C3C-A6AA-75B58244D3ED}
		{BE262A86-CC26-4B25-A877-883ED2688CEC} = {B32BE15C-41CD-4C3C-A6AA-75B58244D3ED}
		{DF460EAB-570D-4B50-9089-2E2FC801BF38} = {B32BE15C-41CD-4C3C-A6AA-75B58244D3ED}
	EndGlobalSection
EndGlobal
