
Microsoft Visual Studio Solution File, Format Version 11.00
# Visual Studio 2010
Project("{8BC9CEB8-8B4A-11D0-8D11-00A0C91BC942}") = "shindig", "shindig\shindig.vcxproj", "{7603BE97-3581-4574-8114-90AA6113FDE4}"
EndProject
Project("{8BC9CEB8-8B4A-11D0-8D11-00A0C91BC942}") = "celsus", "..\celsus\celsus.vcxproj", "{B0C69191-64BF-4FA6-81C4-1BDF6DDE7CE3}"
EndProject
Project("{8BC9CEB8-8B4A-11D0-8D11-00A0C91BC942}") = "celsus_tests", "..\celsus\celsus_tests\celsus_tests.vcxproj", "{B44A0974-DEE2-4F6E-B067-A6CD1CE99862}"
	ProjectSection(ProjectDependencies) = postProject
		{B0C69191-64BF-4FA6-81C4-1BDF6DDE7CE3} = {B0C69191-64BF-4FA6-81C4-1BDF6DDE7CE3}
	EndProjectSection
EndProject
Global
	GlobalSection(SolutionConfigurationPlatforms) = preSolution
		Debug|Win32 = Debug|Win32
		Release|Win32 = Release|Win32
	EndGlobalSection
	GlobalSection(ProjectConfigurationPlatforms) = postSolution
		{7603BE97-3581-4574-8114-90AA6113FDE4}.Debug|Win32.ActiveCfg = Debug|Win32
		{7603BE97-3581-4574-8114-90AA6113FDE4}.Debug|Win32.Build.0 = Debug|Win32
		{7603BE97-3581-4574-8114-90AA6113FDE4}.Release|Win32.ActiveCfg = Release|Win32
		{7603BE97-3581-4574-8114-90AA6113FDE4}.Release|Win32.Build.0 = Release|Win32
		{B0C69191-64BF-4FA6-81C4-1BDF6DDE7CE3}.Debug|Win32.ActiveCfg = Debug|Win32
		{B0C69191-64BF-4FA6-81C4-1BDF6DDE7CE3}.Debug|Win32.Build.0 = Debug|Win32
		{B0C69191-64BF-4FA6-81C4-1BDF6DDE7CE3}.Release|Win32.ActiveCfg = Release|Win32
		{B0C69191-64BF-4FA6-81C4-1BDF6DDE7CE3}.Release|Win32.Build.0 = Release|Win32
		{B44A0974-DEE2-4F6E-B067-A6CD1CE99862}.Debug|Win32.ActiveCfg = Debug|Win32
		{B44A0974-DEE2-4F6E-B067-A6CD1CE99862}.Release|Win32.ActiveCfg = Release|Win32
	EndGlobalSection
	GlobalSection(SolutionProperties) = preSolution
		HideSolutionNode = FALSE
	EndGlobalSection
EndGlobal
