<?xml version="1.0" encoding="utf-8"?>
<Project ToolsVersion="4.0" xmlns="http://schemas.microsoft.com/developer/msbuild/2003">
  <ItemGroup>
    <Filter Include="Source Files">
      <UniqueIdentifier>{4FC737F1-C7A5-4376-A066-2A32D752A2FF}</UniqueIdentifier>
      <Extensions>cpp;c;cc;cxx;def;odl;idl;hpj;bat;asm;asmx</Extensions>
    </Filter>
    <Filter Include="Header Files">
      <UniqueIdentifier>{93995380-89BD-4b04-88EB-625FBE52EBFB}</UniqueIdentifier>
      <Extensions>h;hpp;hxx;hm;inl;inc;xsd</Extensions>
    </Filter>
    <Filter Include="Resource Files">
      <UniqueIdentifier>{67DA6AB6-F800-4c08-8B7A-83BB121AAD01}</UniqueIdentifier>
      <Extensions>rc;ico;cur;bmp;dlg;rc2;rct;bin;rgs;gif;jpg;jpeg;jpe;resx;tiff;tif;png;wav</Extensions>
    </Filter>
  </ItemGroup>
  <ItemGroup>
    <ClCompile Include="app.cpp">
      <Filter>Source Files</Filter>
    </ClCompile>
    <ClCompile Include="debug_renderer.cpp">
      <Filter>Source Files</Filter>
    </ClCompile>
    <ClCompile Include="mesh.cpp">
      <Filter>Source Files</Filter>
    </ClCompile>
    <ClCompile Include="redux_loader.cpp">
      <Filter>Source Files</Filter>
    </ClCompile>
    <ClCompile Include="resource_manager.cpp">
      <Filter>Source Files</Filter>
    </ClCompile>
    <ClCompile Include="scene.cpp">
      <Filter>Source Files</Filter>
    </ClCompile>
    <ClCompile Include="shindig.cpp">
      <Filter>Source Files</Filter>
    </ClCompile>
    <ClCompile Include="stdafx.cpp">
      <Filter>Source Files</Filter>
    </ClCompile>
    <ClCompile Include="system.cpp">
      <Filter>Source Files</Filter>
    </ClCompile>
    <ClCompile Include="test_effect.cpp">
      <Filter>Source Files</Filter>
    </ClCompile>
    <ClCompile Include="vector_font.cpp">
      <Filter>Source Files</Filter>
    </ClCompile>
    <ClCompile Include="render_target.cpp">
      <Filter>Source Files</Filter>
    </ClCompile>
    <ClCompile Include="demo.cpp">
      <Filter>Source Files</Filter>
    </ClCompile>
    <ClCompile Include="test_effect2.cpp">
      <Filter>Source Files</Filter>
    </ClCompile>
    <ClCompile Include="test_effect3.cpp">
      <Filter>Source Files</Filter>
    </ClCompile>
    <ClCompile Include="mesh2.cpp">
      <Filter>Source Files</Filter>
    </ClCompile>
    <ClCompile Include="obj_loader.cpp">
      <Filter>Source Files</Filter>
    </ClCompile>
    <ClCompile Include="sound_system.cpp">
      <Filter>Source Files</Filter>
    </ClCompile>
    <ClCompile Include="material.cpp">
      <Filter>Source Files</Filter>
    </ClCompile>
    <ClCompile Include="debug_menu.cpp">
      <Filter>Source Files</Filter>
    </ClCompile>
    <ClCompile Include="lua_utils.cpp">
      <Filter>Source Files</Filter>
    </ClCompile>
    <ClCompile Include="test_effect4.cpp">
      <Filter>Source Files</Filter>
    </ClCompile>
    <ClCompile Include="font_writer.cpp">
      <Filter>Source Files</Filter>
    </ClCompile>
    <ClCompile Include="imgui.cpp">
      <Filter>Source Files</Filter>
    </ClCompile>
    <ClCompile Include="geometry.cpp">
      <Filter>Source Files</Filter>
    </ClCompile>
    <ClCompile Include="camera.cpp">
      <Filter>Source Files</Filter>
    </ClCompile>
    <ClCompile Include="test_effect5.cpp">
      <Filter>Source Files</Filter>
    </ClCompile>
    <ClCompile Include="test_effect6.cpp">
      <Filter>Header Files</Filter>
    </ClCompile>
  </ItemGroup>
  <ItemGroup>
    <ClInclude Include="app.hpp">
      <Filter>Header Files</Filter>
    </ClInclude>
    <ClInclude Include="debug_renderer.hpp">
      <Filter>Header Files</Filter>
    </ClInclude>
    <ClInclude Include="mesh.hpp">
      <Filter>Header Files</Filter>
    </ClInclude>
    <ClInclude Include="object.hpp">
      <Filter>Header Files</Filter>
    </ClInclude>
    <ClInclude Include="redux_loader.hpp">
      <Filter>Header Files</Filter>
    </ClInclude>
    <ClInclude Include="resource_manager.hpp">
      <Filter>Header Files</Filter>
    </ClInclude>
    <ClInclude Include="scene.hpp">
      <Filter>Header Files</Filter>
    </ClInclude>
    <ClInclude Include="shindig.h">
      <Filter>Header Files</Filter>
    </ClInclude>
    <ClInclude Include="stdafx.h">
      <Filter>Header Files</Filter>
    </ClInclude>
    <ClInclude Include="system.hpp">
      <Filter>Header Files</Filter>
    </ClInclude>
    <ClInclude Include="test_effect.hpp">
      <Filter>Header Files</Filter>
    </ClInclude>
    <ClInclude Include="vector_font.hpp">
      <Filter>Header Files</Filter>
    </ClInclude>
    <ClInclude Include="render_target.hpp">
      <Filter>Header Files</Filter>
    </ClInclude>
    <ClInclude Include="demo.hpp">
      <Filter>Header Files</Filter>
    </ClInclude>
    <ClInclude Include="effect_base.hpp">
      <Filter>Header Files</Filter>
    </ClInclude>
    <ClInclude Include="test_effect2.hpp">
      <Filter>Header Files</Filter>
    </ClInclude>
    <ClInclude Include="dynamic_vb.hpp">
      <Filter>Header Files</Filter>
    </ClInclude>
    <ClInclude Include="test_effect3.hpp">
      <Filter>Header Files</Filter>
    </ClInclude>
    <ClInclude Include="mesh2.hpp">
      <Filter>Header Files</Filter>
    </ClInclude>
    <ClInclude Include="obj_loader.hpp">
      <Filter>Header Files</Filter>
    </ClInclude>
    <ClInclude Include="sound_system.hpp">
      <Filter>Header Files</Filter>
    </ClInclude>
    <ClInclude Include="stb_truetype.h">
      <Filter>Header Files</Filter>
    </ClInclude>
    <ClInclude Include="material.hpp">
      <Filter>Header Files</Filter>
    </ClInclude>
    <ClInclude Include="debug_menu.hpp">
      <Filter>Header Files</Filter>
    </ClInclude>
    <ClInclude Include="lua_utils.hpp">
      <Filter>Header Files</Filter>
    </ClInclude>
    <ClInclude Include="test_effect4.hpp">
      <Filter>Header Files</Filter>
    </ClInclude>
    <ClInclude Include="font_writer.hpp">
      <Filter>Header Files</Filter>
    </ClInclude>
    <ClInclude Include="imgui.hpp">
      <Filter>Header Files</Filter>
    </ClInclude>
    <ClInclude Include="bounding.hpp">
      <Filter>Header Files</Filter>
    </ClInclude>
    <ClInclude Include="geometry.hpp">
      <Filter>Header Files</Filter>
    </ClInclude>
    <ClInclude Include="camera.hpp">
      <Filter>Header Files</Filter>
    </ClInclude>
    <ClInclude Include="test_effect5.hpp">
      <Filter>Header Files</Filter>
    </ClInclude>
    <ClInclude Include="test_effect6.hpp">
      <Filter>Header Files</Filter>
    </ClInclude>
  </ItemGroup>
</Project>